{
  "name": "@fateforge/auto-cad-cli",
  "version": "1.0.0",
  "lockfileVersion": 3,
  "requires": true,
  "packages": {
    "": {
      "name": "@fateforge/auto-cad-cli",
      "version": "1.0.0",
      "license": "MIT",
      "bin": {
        "auto-cad-cli": "scripts/run.js"
      },
      "engines": {
        "node": ">=16"
      },
      "optionalDependencies": {
        "@fateforge/auto-cad-cli-darwin-arm64": "1.0.0",
        "@fateforge/auto-cad-cli-darwin-x64": "1.0.0",
        "@fateforge/auto-cad-cli-linux-arm64": "1.0.0",
        "@fateforge/auto-cad-cli-linux-x64": "1.0.0",
        "@fateforge/auto-cad-cli-win32-arm64": "1.0.0",
        "@fateforge/auto-cad-cli-win32-x64": "1.0.0"
      }
    },
    "node_modules/@fateforge/auto-cad-cli-darwin-arm64": {
      "optional": true,
      "version": "1.0.0"
    },
    "node_modules/@fateforge/auto-cad-cli-darwin-x64": {
      "optional": true,
      "version": "1.0.0"
    },
    "node_modules/@fateforge/auto-cad-cli-linux-arm64": {
      "optional": true,
      "version": "1.0.0"
    },
    "node_modules/@fateforge/auto-cad-cli-linux-x64": {
      "optional": true,
      "version": "1.0.0"
    },
    "node_modules/@fateforge/auto-cad-cli-win32-arm64": {
      "optional": true,
      "version": "1.0.0"
    },
    "node_modules/@fateforge/auto-cad-cli-win32-x64": {
      "optional": true,
      "version": "1.0.0"
    }
  }
}
